
Microsoft Visual Studio Solution File, Format Version 12.00
# Visual Studio Version 17
VisualStudioVersion = 17.1.32407.343
MinimumVisualStudioVersion = 10.0.40219.1
Project("{FAE04EC0-301F-11D3-BF4B-00C04F79EFBC}") = "BookService.API", "BookService.API\BookService.API.csproj", "{6AC07D45-4864-46B2-B087-99890E84D92F}"
EndProject
Project("{FAE04EC0-301F-11D3-BF4B-00C04F79EFBC}") = "BookService.Services", "BookService.Services\BookService.Services.csproj", "{7155B87E-A35B-4A65-AB63-531EF871B2AD}"
EndProject
Project("{FAE04EC0-301F-11D3-BF4B-00C04F79EFBC}") = "BookService.Persistence", "BookService.Persistence\BookService.Persistence.csproj", "{E1C25D47-14B3-4399-B950-7553A7B025DF}"
EndProject
Project("{FAE04EC0-301F-11D3-BF4B-00C04F79EFBC}") = "BookService.Tests", "BookService.Tests\BookService.Tests.csproj", "{C25EDDCB-E290-4908-A24C-DB31CF71ADBF}"
EndProject
Global
	GlobalSection(SolutionConfigurationPlatforms) = preSolution
		Debug|Any CPU = Debug|Any CPU
		Release|Any CPU = Release|Any CPU
	EndGlobalSection
	GlobalSection(ProjectConfigurationPlatforms) = postSolution
		{6AC07D45-4864-46B2-B087-99890E84D92F}.Debug|Any CPU.ActiveCfg = Debug|Any CPU
		{6AC07D45-4864-46B2-B087-99890E84D92F}.Debug|Any CPU.Build.0 = Debug|Any CPU
		{6AC07D45-4864-46B2-B087-99890E84D92F}.Release|Any CPU.ActiveCfg = Release|Any CPU
		{6AC07D45-4864-46B2-B087-99890E84D92F}.Release|Any CPU.Build.0 = Release|Any CPU
		{7155B87E-A35B-4A65-AB63-531EF871B2AD}.Debug|Any CPU.ActiveCfg = Debug|Any CPU
		{7155B87E-A35B-4A65-AB63-531EF871B2AD}.Debug|Any CPU.Build.0 = Debug|Any CPU
		{7155B87E-A35B-4A65-AB63-531EF871B2AD}.Release|Any CPU.ActiveCfg = Release|Any CPU
		{7155B87E-A35B-4A65-AB63-531EF871B2AD}.Release|Any CPU.Build.0 = Release|Any CPU
		{E1C25D47-14B3-4399-B950-7553A7B025DF}.Debug|Any CPU.ActiveCfg = Debug|Any CPU
		{E1C25D47-14B3-4399-B950-7553A7B025DF}.Debug|Any CPU.Build.0 = Debug|Any CPU
		{E1C25D47-14B3-4399-B950-7553A7B025DF}.Release|Any CPU.ActiveCfg = Release|Any CPU
		{E1C25D47-14B3-4399-B950-7553A7B025DF}.Release|Any CPU.Build.0 = Release|Any CPU
		{C25EDDCB-E290-4908-A24C-DB31CF71ADBF}.Debug|Any CPU.ActiveCfg = Debug|Any CPU
		{C25EDDCB-E290-4908-A24C-DB31CF71ADBF}.Debug|Any CPU.Build.0 = Debug|Any CPU
		{C25EDDCB-E290-4908-A24C-DB31CF71ADBF}.Release|Any CPU.ActiveCfg = Release|Any CPU
		{C25EDDCB-E290-4908-A24C-DB31CF71ADBF}.Release|Any CPU.Build.0 = Release|Any CPU
	EndGlobalSection
	GlobalSection(SolutionProperties) = preSolution
		HideSolutionNode = FALSE
	EndGlobalSection
	GlobalSection(ExtensibilityGlobals) = postSolution
		SolutionGuid = {12234BE0-7C03-4958-A605-59C6275FF397}
	EndGlobalSection
EndGlobal
